
Microsoft Visual Studio Solution File, Format Version 12.00
# Visual Studio Version 17
VisualStudioVersion = 17.11.35312.102
MinimumVisualStudioVersion = 10.0.40219.1
Project("{8BC9CEB8-8B4A-11D0-8D11-00A0C91BC942}") = "mxbmrp3", "mxbmrp3\mxbmrp3.vcxproj", "{E80BFFAA-36B5-4DC8-B65B-401965CF40F6}"
EndProject
Project("{8BC9CEB8-8B4A-11D0-8D11-00A0C91BC942}") = "mxbmrp3_replay", "tools\mxbmrp3_replay\mxbmrp3_replay.vcxproj", "{F3D8E5A1-7B2C-4D9E-8F1A-6C9B5D8E4A2F}"
EndProject
Project("{8BC9CEB8-8B4A-11D0-8D11-00A0C91BC942}") = "mxbmrp3_fontgen", "tools\mxbmrp3_fontgen\mxbmrp3_fontgen.vcxproj", "{A1B2C3D4-E5F6-4A7B-8C9D-0E1F2A3B4C5D}"
EndProject
Project("{8BC9CEB8-8B4A-11D0-8D11-00A0C91BC942}") = "build_all", "build_all\build_all.vcxproj", "{E108A19B-1731-499E-8544-7547AEB17301}"
EndProject
Global
	GlobalSection(SolutionConfigurationPlatforms) = preSolution
		All-Release|x64 = All-Release|x64
		All-Debug|x64 = All-Debug|x64
		MXB-Release|x64 = MXB-Release|x64
		GPB-Release|x64 = GPB-Release|x64
		KRP-Release|x64 = KRP-Release|x64
		MXB-Debug|x64 = MXB-Debug|x64
		GPB-Debug|x64 = GPB-Debug|x64
		KRP-Debug|x64 = KRP-Debug|x64
	EndGlobalSection
	GlobalSection(ProjectConfigurationPlatforms) = postSolution
		{E80BFFAA-36B5-4DC8-B65B-401965CF40F6}.All-Release|x64.ActiveCfg = MXB-Release|x64
		{E80BFFAA-36B5-4DC8-B65B-401965CF40F6}.All-Debug|x64.ActiveCfg = MXB-Debug|x64
		{E80BFFAA-36B5-4DC8-B65B-401965CF40F6}.MXB-Release|x64.ActiveCfg = MXB-Release|x64
		{E80BFFAA-36B5-4DC8-B65B-401965CF40F6}.MXB-Release|x64.Build.0 = MXB-Release|x64
		{E80BFFAA-36B5-4DC8-B65B-401965CF40F6}.GPB-Release|x64.ActiveCfg = GPB-Release|x64
		{E80BFFAA-36B5-4DC8-B65B-401965CF40F6}.GPB-Release|x64.Build.0 = GPB-Release|x64
		{E80BFFAA-36B5-4DC8-B65B-401965CF40F6}.MXB-Debug|x64.ActiveCfg = MXB-Debug|x64
		{E80BFFAA-36B5-4DC8-B65B-401965CF40F6}.MXB-Debug|x64.Build.0 = MXB-Debug|x64
		{E80BFFAA-36B5-4DC8-B65B-401965CF40F6}.GPB-Debug|x64.ActiveCfg = GPB-Debug|x64
		{E80BFFAA-36B5-4DC8-B65B-401965CF40F6}.GPB-Debug|x64.Build.0 = GPB-Debug|x64
		{E80BFFAA-36B5-4DC8-B65B-401965CF40F6}.KRP-Release|x64.ActiveCfg = KRP-Release|x64
		{E80BFFAA-36B5-4DC8-B65B-401965CF40F6}.KRP-Release|x64.Build.0 = KRP-Release|x64
		{E80BFFAA-36B5-4DC8-B65B-401965CF40F6}.KRP-Debug|x64.ActiveCfg = KRP-Debug|x64
		{E80BFFAA-36B5-4DC8-B65B-401965CF40F6}.KRP-Debug|x64.Build.0 = KRP-Debug|x64
		{F3D8E5A1-7B2C-4D9E-8F1A-6C9B5D8E4A2F}.All-Release|x64.ActiveCfg = Release|x64
		{F3D8E5A1-7B2C-4D9E-8F1A-6C9B5D8E4A2F}.All-Release|x64.Build.0 = Release|x64
		{F3D8E5A1-7B2C-4D9E-8F1A-6C9B5D8E4A2F}.All-Debug|x64.ActiveCfg = Debug|x64
		{F3D8E5A1-7B2C-4D9E-8F1A-6C9B5D8E4A2F}.All-Debug|x64.Build.0 = Debug|x64
		{F3D8E5A1-7B2C-4D9E-8F1A-6C9B5D8E4A2F}.MXB-Release|x64.ActiveCfg = Release|x64
		{F3D8E5A1-7B2C-4D9E-8F1A-6C9B5D8E4A2F}.MXB-Release|x64.Build.0 = Release|x64
		{F3D8E5A1-7B2C-4D9E-8F1A-6C9B5D8E4A2F}.GPB-Release|x64.ActiveCfg = Release|x64
		{F3D8E5A1-7B2C-4D9E-8F1A-6C9B5D8E4A2F}.GPB-Release|x64.Build.0 = Release|x64
		{F3D8E5A1-7B2C-4D9E-8F1A-6C9B5D8E4A2F}.MXB-Debug|x64.ActiveCfg = Debug|x64
		{F3D8E5A1-7B2C-4D9E-8F1A-6C9B5D8E4A2F}.MXB-Debug|x64.Build.0 = Debug|x64
		{F3D8E5A1-7B2C-4D9E-8F1A-6C9B5D8E4A2F}.GPB-Debug|x64.ActiveCfg = Debug|x64
		{F3D8E5A1-7B2C-4D9E-8F1A-6C9B5D8E4A2F}.GPB-Debug|x64.Build.0 = Debug|x64
		{F3D8E5A1-7B2C-4D9E-8F1A-6C9B5D8E4A2F}.KRP-Release|x64.ActiveCfg = Release|x64
		{F3D8E5A1-7B2C-4D9E-8F1A-6C9B5D8E4A2F}.KRP-Release|x64.Build.0 = Release|x64
		{F3D8E5A1-7B2C-4D9E-8F1A-6C9B5D8E4A2F}.KRP-Debug|x64.ActiveCfg = Debug|x64
		{F3D8E5A1-7B2C-4D9E-8F1A-6C9B5D8E4A2F}.KRP-Debug|x64.Build.0 = Debug|x64
		{A1B2C3D4-E5F6-4A7B-8C9D-0E1F2A3B4C5D}.All-Release|x64.ActiveCfg = Release|x64
		{A1B2C3D4-E5F6-4A7B-8C9D-0E1F2A3B4C5D}.All-Release|x64.Build.0 = Release|x64
		{A1B2C3D4-E5F6-4A7B-8C9D-0E1F2A3B4C5D}.All-Debug|x64.ActiveCfg = Debug|x64
		{A1B2C3D4-E5F6-4A7B-8C9D-0E1F2A3B4C5D}.All-Debug|x64.Build.0 = Debug|x64
		{A1B2C3D4-E5F6-4A7B-8C9D-0E1F2A3B4C5D}.MXB-Release|x64.ActiveCfg = Release|x64
		{A1B2C3D4-E5F6-4A7B-8C9D-0E1F2A3B4C5D}.MXB-Release|x64.Build.0 = Release|x64
		{A1B2C3D4-E5F6-4A7B-8C9D-0E1F2A3B4C5D}.GPB-Release|x64.ActiveCfg = Release|x64
		{A1B2C3D4-E5F6-4A7B-8C9D-0E1F2A3B4C5D}.GPB-Release|x64.Build.0 = Release|x64
		{A1B2C3D4-E5F6-4A7B-8C9D-0E1F2A3B4C5D}.MXB-Debug|x64.ActiveCfg = Debug|x64
		{A1B2C3D4-E5F6-4A7B-8C9D-0E1F2A3B4C5D}.MXB-Debug|x64.Build.0 = Debug|x64
		{A1B2C3D4-E5F6-4A7B-8C9D-0E1F2A3B4C5D}.GPB-Debug|x64.ActiveCfg = Debug|x64
		{A1B2C3D4-E5F6-4A7B-8C9D-0E1F2A3B4C5D}.GPB-Debug|x64.Build.0 = Debug|x64
		{A1B2C3D4-E5F6-4A7B-8C9D-0E1F2A3B4C5D}.KRP-Release|x64.ActiveCfg = Release|x64
		{A1B2C3D4-E5F6-4A7B-8C9D-0E1F2A3B4C5D}.KRP-Release|x64.Build.0 = Release|x64
		{A1B2C3D4-E5F6-4A7B-8C9D-0E1F2A3B4C5D}.KRP-Debug|x64.ActiveCfg = Debug|x64
		{A1B2C3D4-E5F6-4A7B-8C9D-0E1F2A3B4C5D}.KRP-Debug|x64.Build.0 = Debug|x64
		{E108A19B-1731-499E-8544-7547AEB17301}.All-Release|x64.ActiveCfg = All-Release|x64
		{E108A19B-1731-499E-8544-7547AEB17301}.All-Release|x64.Build.0 = All-Release|x64
		{E108A19B-1731-499E-8544-7547AEB17301}.All-Debug|x64.ActiveCfg = All-Debug|x64
		{E108A19B-1731-499E-8544-7547AEB17301}.All-Debug|x64.Build.0 = All-Debug|x64
		{E108A19B-1731-499E-8544-7547AEB17301}.MXB-Release|x64.ActiveCfg = All-Release|x64
		{E108A19B-1731-499E-8544-7547AEB17301}.GPB-Release|x64.ActiveCfg = All-Release|x64
		{E108A19B-1731-499E-8544-7547AEB17301}.KRP-Release|x64.ActiveCfg = All-Release|x64
		{E108A19B-1731-499E-8544-7547AEB17301}.MXB-Debug|x64.ActiveCfg = All-Debug|x64
		{E108A19B-1731-499E-8544-7547AEB17301}.GPB-Debug|x64.ActiveCfg = All-Debug|x64
		{E108A19B-1731-499E-8544-7547AEB17301}.KRP-Debug|x64.ActiveCfg = All-Debug|x64
	EndGlobalSection
	GlobalSection(SolutionProperties) = preSolution
		HideSolutionNode = FALSE
	EndGlobalSection
	GlobalSection(ExtensibilityGlobals) = postSolution
		SolutionGuid = {936CD403-985D-4619-99A8-4DF602AB7B41}
	EndGlobalSection
EndGlobal
